
Microsoft Visual Studio Solution File, Format Version 12.00
# Visual Studio 15
VisualStudioVersion = 15.0.28307.168
MinimumVisualStudioVersion = 10.0.40219.1
Project("{FAE04EC0-301F-11D3-BF4B-00C04F79EFBC}") = "avmFileSystemWatcher.App", "avmFileSystemWatcher.App\avmFileSystemWatcher.App.csproj", "{16794416-E098-40AB-ADA4-CBE99B0C97B1}"
EndProject
Project("{FAE04EC0-301F-11D3-BF4B-00C04F79EFBC}") = "avmFileSystemWatcher", "avmFileSystemWatcher\avmFileSystemWatcher.csproj", "{3B72510F-EAAB-4ADC-BA41-2EF17BB0F52D}"
EndProject
Project("{FAE04EC0-301F-11D3-BF4B-00C04F79EFBC}") = "avmFileSystemWatcher.WindowsService", "avmFileSystemWatcher.WindowsService\avmFileSystemWatcher.WindowsService.csproj", "{A5144CC7-7390-4D66-8045-A3CB98518BFA}"
EndProject
Global
	GlobalSection(SolutionConfigurationPlatforms) = preSolution
		Debug|Any CPU = Debug|Any CPU
		Release|Any CPU = Release|Any CPU
	EndGlobalSection
	GlobalSection(ProjectConfigurationPlatforms) = postSolution
		{16794416-E098-40AB-ADA4-CBE99B0C97B1}.Debug|Any CPU.ActiveCfg = Debug|Any CPU
		{16794416-E098-40AB-ADA4-CBE99B0C97B1}.Debug|Any CPU.Build.0 = Debug|Any CPU
		{16794416-E098-40AB-ADA4-CBE99B0C97B1}.Release|Any CPU.ActiveCfg = Release|Any CPU
		{16794416-E098-40AB-ADA4-CBE99B0C97B1}.Release|Any CPU.Build.0 = Release|Any CPU
		{3B72510F-EAAB-4ADC-BA41-2EF17BB0F52D}.Debug|Any CPU.ActiveCfg = Debug|Any CPU
		{3B72510F-EAAB-4ADC-BA41-2EF17BB0F52D}.Debug|Any CPU.Build.0 = Debug|Any CPU
		{3B72510F-EAAB-4ADC-BA41-2EF17BB0F52D}.Release|Any CPU.ActiveCfg = Release|Any CPU
		{3B72510F-EAAB-4ADC-BA41-2EF17BB0F52D}.Release|Any CPU.Build.0 = Release|Any CPU
		{A5144CC7-7390-4D66-8045-A3CB98518BFA}.Debug|Any CPU.ActiveCfg = Debug|Any CPU
		{A5144CC7-7390-4D66-8045-A3CB98518BFA}.Debug|Any CPU.Build.0 = Debug|Any CPU
		{A5144CC7-7390-4D66-8045-A3CB98518BFA}.Release|Any CPU.ActiveCfg = Release|Any CPU
		{A5144CC7-7390-4D66-8045-A3CB98518BFA}.Release|Any CPU.Build.0 = Release|Any CPU
	EndGlobalSection
	GlobalSection(SolutionProperties) = preSolution
		HideSolutionNode = FALSE
	EndGlobalSection
	GlobalSection(ExtensibilityGlobals) = postSolution
		SolutionGuid = {495E6CD7-F97F-4CFB-98CD-AA2306C0D664}
	EndGlobalSection
EndGlobal
